
Microsoft Visual Studio Solution File, Format Version 12.00
# Visual Studio Version 17
VisualStudioVersion = 17.1.32328.378
MinimumVisualStudioVersion = 10.0.40219.1
Project("{FAE04EC0-301F-11D3-BF4B-00C04F79EFBC}") = "misttool", "misttool\misttool.csproj", "{12985EF6-B475-4FD7-9F61-A55E7A11760B}"
EndProject
Global
	GlobalSection(SolutionConfigurationPlatforms) = preSolution
		Debug|Any CPU = Debug|Any CPU
		Release|Any CPU = Release|Any CPU
	EndGlobalSection
	GlobalSection(ProjectConfigurationPlatforms) = postSolution
		{12985EF6-B475-4FD7-9F61-A55E7A11760B}.Debug|Any CPU.ActiveCfg = Debug|Any CPU
		{12985EF6-B475-4FD7-9F61-A55E7A11760B}.Debug|Any CPU.Build.0 = Debug|Any CPU
		{12985EF6-B475-4FD7-9F61-A55E7A11760B}.Release|Any CPU.ActiveCfg = Release|Any CPU
		{12985EF6-B475-4FD7-9F61-A55E7A11760B}.Release|Any CPU.Build.0 = Release|Any CPU
	EndGlobalSection
	GlobalSection(SolutionProperties) = preSolution
		HideSolutionNode = FALSE
	EndGlobalSection
	GlobalSection(ExtensibilityGlobals) = postSolution
		SolutionGuid = {8DED6B22-2A50-4522-8D89-D9904C7DFDDE}
	EndGlobalSection
EndGlobal
